// !$*UTF8*$!
{
	archiveVersion = 1;
	classes = {
	};
	objectVersion = 52;
	objects = {

/* Begin PBXBuildFile section */
		8FB52EC42694517400E80FFC /* Router.swift in Sources */ = {isa = PBXBuildFile; fileRef = 8FB52EC32694517400E80FFC /* Router.swift */; };
		8FC7158A268A66C8009E4A20 /* AppDelegate.swift in Sources */ = {isa = PBXBuildFile; fileRef = 8FC71589268A66C8009E4A20 /* AppDelegate.swift */; };
		8FC71593268A66C9009E4A20 /* Assets.xcassets in Resources */ = {isa = PBXBuildFile; fileRef = 8FC71592268A66C9009E4A20 /* Assets.xcassets */; };
		8FC71596268A66C9009E4A20 /* LaunchScreen.storyboard in Resources */ = {isa = PBXBuildFile; fileRef = 8FC71594268A66C9009E4A20 /* LaunchScreen.storyboard */; };
		8FC7159E268A679D009E4A20 /* Login.storyboard in Resources */ = {isa = PBXBuildFile; fileRef = 8FC7159D268A679D009E4A20 /* Login.storyboard */; };
		8FC715A0268A67AE009E4A20 /* LoginViewController.swift in Sources */ = {isa = PBXBuildFile; fileRef = 8FC7159F268A67AE009E4A20 /* LoginViewController.swift */; };
		8FC715A5268A6B1F009E4A20 /* SpotifyAccessTokenModel.swift in Sources */ = {isa = PBXBuildFile; fileRef = 8FC715A4268A6B1F009E4A20 /* SpotifyAccessTokenModel.swift */; };
		8FC715A8268A6BDE009E4A20 /* Alamofire in Frameworks */ = {isa = PBXBuildFile; productRef = 8FC715A7268A6BDE009E4A20 /* Alamofire */; };
		8FC715AA268A6C12009E4A20 /* APICaller.swift in Sources */ = {isa = PBXBuildFile; fileRef = 8FC715A9268A6C12009E4A20 /* APICaller.swift */; };
		8FC715AE268AAA28009E4A20 /* Extension-UserDefaults.swift in Sources */ = {isa = PBXBuildFile; fileRef = 8FC715AD268AAA28009E4A20 /* Extension-UserDefaults.swift */; };
		8FC715B1268AAC51009E4A20 /* HomeViewController.swift in Sources */ = {isa = PBXBuildFile; fileRef = 8FC715B0268AAC51009E4A20 /* HomeViewController.swift */; };
		8FC715B3268AAC5C009E4A20 /* Home.storyboard in Resources */ = {isa = PBXBuildFile; fileRef = 8FC715B2268AAC5C009E4A20 /* Home.storyboard */; };
		8FC715B5268D628B009E4A20 /* SpotifyUserProfile.swift in Sources */ = {isa = PBXBuildFile; fileRef = 8FC715B4268D628B009E4A20 /* SpotifyUserProfile.swift */; };
		8FC715B8268D965C009E4A20 /* AlamofireImage in Frameworks */ = {isa = PBXBuildFile; productRef = 8FC715B7268D965C009E4A20 /* AlamofireImage */; };
		8FC715BA268EF6B4009E4A20 /* SpotifyCurrentUserPlayingList.swift in Sources */ = {isa = PBXBuildFile; fileRef = 8FC715B9268EF6B4009E4A20 /* SpotifyCurrentUserPlayingList.swift */; };
		8FC715BE268FEC1B009E4A20 /* PlayingListCollectionViewCell.swift in Sources */ = {isa = PBXBuildFile; fileRef = 8FC715BC268FEC1B009E4A20 /* PlayingListCollectionViewCell.swift */; };
		8FC715BF268FEC1B009E4A20 /* PlayingListCollectionViewCell.xib in Resources */ = {isa = PBXBuildFile; fileRef = 8FC715BD268FEC1B009E4A20 /* PlayingListCollectionViewCell.xib */; };
		8FC715C126900CE8009E4A20 /* SpotifyPlaylistTrackItem.swift in Sources */ = {isa = PBXBuildFile; fileRef = 8FC715C026900CE8009E4A20 /* SpotifyPlaylistTrackItem.swift */; };
		8FC715C6269018BF009E4A20 /* TrackItemTableViewCell.swift in Sources */ = {isa = PBXBuildFile; fileRef = 8FC715C4269018BF009E4A20 /* TrackItemTableViewCell.swift */; };
		8FC715C7269018BF009E4A20 /* TrackItemTableViewCell.xib in Resources */ = {isa = PBXBuildFile; fileRef = 8FC715C5269018BF009E4A20 /* TrackItemTableViewCell.xib */; };
/* End PBXBuildFile section */

/* Begin PBXFileReference section */
		8FB52EC32694517400E80FFC /* Router.swift */ = {isa = PBXFileReference; lastKnownFileType = sourcecode.swift; path = Router.swift; sourceTree = "<group>"; };
		8FC71586268A66C8009E4A20 /* Spotify-API-Practice.app */ = {isa = PBXFileReference; explicitFileType = wrapper.application; includeInIndex = 0; path = "Spotify-API-Practice.app"; sourceTree = BUILT_PRODUCTS_DIR; };
		8FC71589268A66C8009E4A20 /* AppDelegate.swift */ = {isa = PBXFileReference; lastKnownFileType = sourcecode.swift; path = AppDelegate.swift; sourceTree = "<group>"; };
		8FC71592268A66C9009E4A20 /* Assets.xcassets */ = {isa = PBXFileReference; lastKnownFileType = folder.assetcatalog; path = Assets.xcassets; sourceTree = "<group>"; };
		8FC71595268A66C9009E4A20 /* Base */ = {isa = PBXFileReference; lastKnownFileType = file.storyboard; name = Base; path = Base.lproj/LaunchScreen.storyboard; sourceTree = "<group>"; };
		8FC71597268A66C9009E4A20 /* Info.plist */ = {isa = PBXFileReference; lastKnownFileType = text.plist.xml; path = Info.plist; sourceTree = "<group>"; };
		8FC7159D268A679D009E4A20 /* Login.storyboard */ = {isa = PBXFileReference; lastKnownFileType = file.storyboard; path = Login.storyboard; sourceTree = "<group>"; };
		8FC7159F268A67AE009E4A20 /* LoginViewController.swift */ = {isa = PBXFileReference; lastKnownFileType = sourcecode.swift; path = LoginViewController.swift; sourceTree = "<group>"; };
		8FC715A4268A6B1F009E4A20 /* SpotifyAccessTokenModel.swift */ = {isa = PBXFileReference; lastKnownFileType = sourcecode.swift; path = SpotifyAccessTokenModel.swift; sourceTree = "<group>"; };
		8FC715A9268A6C12009E4A20 /* APICaller.swift */ = {isa = PBXFileReference; lastKnownFileType = sourcecode.swift; path = APICaller.swift; sourceTree = "<group>"; };
		8FC715AD268AAA28009E4A20 /* Extension-UserDefaults.swift */ = {isa = PBXFileReference; lastKnownFileType = sourcecode.swift; path = "Extension-UserDefaults.swift"; sourceTree = "<group>"; };
		8FC715B0268AAC51009E4A20 /* HomeViewController.swift */ = {isa = PBXFileReference; lastKnownFileType = sourcecode.swift; path = HomeViewController.swift; sourceTree = "<group>"; };
		8FC715B2268AAC5C009E4A20 /* Home.storyboard */ = {isa = PBXFileReference; lastKnownFileType = file.storyboard; path = Home.storyboard; sourceTree = "<group>"; };
		8FC715B4268D628B009E4A20 /* SpotifyUserProfile.swift */ = {isa = PBXFileReference; lastKnownFileType = sourcecode.swift; path = SpotifyUserProfile.swift; sourceTree = "<group>"; };
		8FC715B9268EF6B4009E4A20 /* SpotifyCurrentUserPlayingList.swift */ = {isa = PBXFileReference; lastKnownFileType = sourcecode.swift; path = SpotifyCurrentUserPlayingList.swift; sourceTree = "<group>"; };
		8FC715BC268FEC1B009E4A20 /* PlayingListCollectionViewCell.swift */ = {isa = PBXFileReference; lastKnownFileType = sourcecode.swift; path = PlayingListCollectionViewCell.swift; sourceTree = "<group>"; };
		8FC715BD268FEC1B009E4A20 /* PlayingListCollectionViewCell.xib */ = {isa = PBXFileReference; lastKnownFileType = file.xib; path = PlayingListCollectionViewCell.xib; sourceTree = "<group>"; };
		8FC715C026900CE8009E4A20 /* SpotifyPlaylistTrackItem.swift */ = {isa = PBXFileReference; lastKnownFileType = sourcecode.swift; path = SpotifyPlaylistTrackItem.swift; sourceTree = "<group>"; };
		8FC715C4269018BF009E4A20 /* TrackItemTableViewCell.swift */ = {isa = PBXFileReference; lastKnownFileType = sourcecode.swift; path = TrackItemTableViewCell.swift; sourceTree = "<group>"; };
		8FC715C5269018BF009E4A20 /* TrackItemTableViewCell.xib */ = {isa = PBXFileReference; lastKnownFileType = file.xib; path = TrackItemTableViewCell.xib; sourceTree = "<group>"; };
/* End PBXFileReference section */

/* Begin PBXFrameworksBuildPhase section */
		8FC71583268A66C8009E4A20 /* Frameworks */ = {
			isa = PBXFrameworksBuildPhase;
			buildActionMask = 2147483647;
			files = (
				8FC715A8268A6BDE009E4A20 /* Alamofire in Frameworks */,
				8FC715B8268D965C009E4A20 /* AlamofireImage in Frameworks */,
			);
			runOnlyForDeploymentPostprocessing = 0;
		};
/* End PBXFrameworksBuildPhase section */

/* Begin PBXGroup section */
		8FC7157D268A66C8009E4A20 = {
			isa = PBXGroup;
			children = (
				8FC71588268A66C8009E4A20 /* Spotify-API-Practice */,
				8FC71587268A66C8009E4A20 /* Products */,
			);
			sourceTree = "<group>";
		};
		8FC71587268A66C8009E4A20 /* Products */ = {
			isa = PBXGroup;
			children = (
				8FC71586268A66C8009E4A20 /* Spotify-API-Practice.app */,
			);
			name = Products;
			sourceTree = "<group>";
		};
		8FC71588268A66C8009E4A20 /* Spotify-API-Practice */ = {
			isa = PBXGroup;
			children = (
				8FC71589268A66C8009E4A20 /* AppDelegate.swift */,
				8FB52EC32694517400E80FFC /* Router.swift */,
				8FC715AD268AAA28009E4A20 /* Extension-UserDefaults.swift */,
				8FC715A9268A6C12009E4A20 /* APICaller.swift */,
				8FC715A3268A6AF5009E4A20 /* Model */,
				8FC715BB268FEBDA009E4A20 /* View */,
				8FC715A1268A69EE009E4A20 /* ViewController */,
				8FC71592268A66C9009E4A20 /* Assets.xcassets */,
				8FC71594268A66C9009E4A20 /* LaunchScreen.storyboard */,
				8FC71597268A66C9009E4A20 /* Info.plist */,
			);
			path = "Spotify-API-Practice";
			sourceTree = "<group>";
		};
		8FC715A1268A69EE009E4A20 /* ViewController */ = {
			isa = PBXGroup;
			children = (
				8FC715AF268AAC41009E4A20 /* Home */,
				8FC715A2268A6A0D009E4A20 /* Login */,
			);
			path = ViewController;
			sourceTree = "<group>";
		};
		8FC715A2268A6A0D009E4A20 /* Login */ = {
			isa = PBXGroup;
			children = (
				8FC7159F268A67AE009E4A20 /* LoginViewController.swift */,
				8FC7159D268A679D009E4A20 /* Login.storyboard */,
			);
			path = Login;
			sourceTree = "<group>";
		};
		8FC715A3268A6AF5009E4A20 /* Model */ = {
			isa = PBXGroup;
			children = (
				8FC715A4268A6B1F009E4A20 /* SpotifyAccessTokenModel.swift */,
				8FC715B4268D628B009E4A20 /* SpotifyUserProfile.swift */,
				8FC715B9268EF6B4009E4A20 /* SpotifyCurrentUserPlayingList.swift */,
				8FC715C026900CE8009E4A20 /* SpotifyPlaylistTrackItem.swift */,
			);
			path = Model;
			sourceTree = "<group>";
		};
		8FC715AF268AAC41009E4A20 /* Home */ = {
			isa = PBXGroup;
			children = (
				8FC715B0268AAC51009E4A20 /* HomeViewController.swift */,
				8FC715B2268AAC5C009E4A20 /* Home.storyboard */,
			);
			path = Home;
			sourceTree = "<group>";
		};
		8FC715BB268FEBDA009E4A20 /* View */ = {
			isa = PBXGroup;
			children = (
				8FC715C226901864009E4A20 /* PlayList */,
				8FC715C326901885009E4A20 /* TrackItem */,
			);
			path = View;
			sourceTree = "<group>";
		};
		8FC715C226901864009E4A20 /* PlayList */ = {
			isa = PBXGroup;
			children = (
				8FC715BC268FEC1B009E4A20 /* PlayingListCollectionViewCell.swift */,
				8FC715BD268FEC1B009E4A20 /* PlayingListCollectionViewCell.xib */,
			);
			path = PlayList;
			sourceTree = "<group>";
		};
		8FC715C326901885009E4A20 /* TrackItem */ = {
			isa = PBXGroup;
			children = (
				8FC715C4269018BF009E4A20 /* TrackItemTableViewCell.swift */,
				8FC715C5269018BF009E4A20 /* TrackItemTableViewCell.xib */,
			);
			path = TrackItem;
			sourceTree = "<group>";
		};
/* End PBXGroup section */

/* Begin PBXNativeTarget section */
		8FC71585268A66C8009E4A20 /* Spotify-API-Practice */ = {
			isa = PBXNativeTarget;
			buildConfigurationList = 8FC7159A268A66C9009E4A20 /* Build configuration list for PBXNativeTarget "Spotify-API-Practice" */;
			buildPhases = (
				8FC71582268A66C8009E4A20 /* Sources */,
				8FC71583268A66C8009E4A20 /* Frameworks */,
				8FC71584268A66C8009E4A20 /* Resources */,
			);
			buildRules = (
			);
			dependencies = (
			);
			name = "Spotify-API-Practice";
			packageProductDependencies = (
				8FC715A7268A6BDE009E4A20 /* Alamofire */,
				8FC715B7268D965C009E4A20 /* AlamofireImage */,
			);
			productName = "Spotify-API-Practice";
			productReference = 8FC71586268A66C8009E4A20 /* Spotify-API-Practice.app */;
			productType = "com.apple.product-type.application";
		};
/* End PBXNativeTarget section */

/* Begin PBXProject section */
		8FC7157E268A66C8009E4A20 /* Project object */ = {
			isa = PBXProject;
			attributes = {
				LastSwiftUpdateCheck = 1250;
				LastUpgradeCheck = 1250;
				TargetAttributes = {
					8FC71585268A66C8009E4A20 = {
						CreatedOnToolsVersion = 12.5.1;
					};
				};
			};
			buildConfigurationList = 8FC71581268A66C8009E4A20 /* Build configuration list for PBXProject "Spotify-API-Practice" */;
			compatibilityVersion = "Xcode 9.3";
			developmentRegion = en;
			hasScannedForEncodings = 0;
			knownRegions = (
				en,
				Base,
			);
			mainGroup = 8FC7157D268A66C8009E4A20;
			packageReferences = (
				8FC715A6268A6BDE009E4A20 /* XCRemoteSwiftPackageReference "Alamofire" */,
				8FC715B6268D965C009E4A20 /* XCRemoteSwiftPackageReference "AlamofireImage" */,
			);
			productRefGroup = 8FC71587268A66C8009E4A20 /* Products */;
			projectDirPath = "";
			projectRoot = "";
			targets = (
				8FC71585268A66C8009E4A20 /* Spotify-API-Practice */,
			);
		};
/* End PBXProject section */

/* Begin PBXResourcesBuildPhase section */
		8FC71584268A66C8009E4A20 /* Resources */ = {
			isa = PBXResourcesBuildPhase;
			buildActionMask = 2147483647;
			files = (
				8FC71596268A66C9009E4A20 /* LaunchScreen.storyboard in Resources */,
				8FC715BF268FEC1B009E4A20 /* PlayingListCollectionViewCell.xib in Resources */,
				8FC71593268A66C9009E4A20 /* Assets.xcassets in Resources */,
				8FC7159E268A679D009E4A20 /* Login.storyboard in Resources */,
				8FC715C7269018BF009E4A20 /* TrackItemTableViewCell.xib in Resources */,
				8FC715B3268AAC5C009E4A20 /* Home.storyboard in Resources */,
			);
			runOnlyForDeploymentPostprocessing = 0;
		};
/* End PBXResourcesBuildPhase section */

/* Begin PBXSourcesBuildPhase section */
		8FC71582268A66C8009E4A20 /* Sources */ = {
			isa = PBXSourcesBuildPhase;
			buildActionMask = 2147483647;
			files = (
				8FC715A0268A67AE009E4A20 /* LoginViewController.swift in Sources */,
				8FC715B5268D628B009E4A20 /* SpotifyUserProfile.swift in Sources */,
				8FC715C126900CE8009E4A20 /* SpotifyPlaylistTrackItem.swift in Sources */,
				8FC7158A268A66C8009E4A20 /* AppDelegate.swift in Sources */,
				8FC715AE268AAA28009E4A20 /* Extension-UserDefaults.swift in Sources */,
				8FC715A5268A6B1F009E4A20 /* SpotifyAccessTokenModel.swift in Sources */,
				8FC715C6269018BF009E4A20 /* TrackItemTableViewCell.swift in Sources */,
				8FC715BE268FEC1B009E4A20 /* PlayingListCollectionViewCell.swift in Sources */,
				8FC715BA268EF6B4009E4A20 /* SpotifyCurrentUserPlayingList.swift in Sources */,
				8FC715B1268AAC51009E4A20 /* HomeViewController.swift in Sources */,
				8FC715AA268A6C12009E4A20 /* APICaller.swift in Sources */,
				8FB52EC42694517400E80FFC /* Router.swift in Sources */,
			);
			runOnlyForDeploymentPostprocessing = 0;
		};
/* End PBXSourcesBuildPhase section */

/* Begin PBXVariantGroup section */
		8FC71594268A66C9009E4A20 /* LaunchScreen.storyboard */ = {
			isa = PBXVariantGroup;
			children = (
				8FC71595268A66C9009E4A20 /* Base */,
			);
			name = LaunchScreen.storyboard;
			sourceTree = "<group>";
		};
/* End PBXVariantGroup section */

/* Begin XCBuildConfiguration section */
		8FC71598268A66C9009E4A20 /* Debug */ = {
			isa = XCBuildConfiguration;
			buildSettings = {
				ALWAYS_SEARCH_USER_PATHS = NO;
				CLANG_ANALYZER_NONNULL = YES;
				CLANG_ANALYZER_NUMBER_OBJECT_CONVERSION = YES_AGGRESSIVE;
				CLANG_CXX_LANGUAGE_STANDARD = "gnu++14";
				CLANG_CXX_LIBRARY = "libc++";
				CLANG_ENABLE_MODULES = YES;
				CLANG_ENABLE_OBJC_ARC = YES;
				CLANG_ENABLE_OBJC_WEAK = YES;
				CLANG_WARN_BLOCK_CAPTURE_AUTORELEASING = YES;
				CLANG_WARN_BOOL_CONVERSION = YES;
				CLANG_WARN_COMMA = YES;
				CLANG_WARN_CONSTANT_CONVERSION = YES;
				CLANG_WARN_DEPRECATED_OBJC_IMPLEMENTATIONS = YES;
				CLANG_WARN_DIRECT_OBJC_ISA_USAGE = YES_ERROR;
				CLANG_WARN_DOCUMENTATION_COMMENTS = YES;
				CLANG_WARN_EMPTY_BODY = YES;
				CLANG_WARN_ENUM_CONVERSION = YES;
				CLANG_WARN_INFINITE_RECURSION = YES;
				CLANG_WARN_INT_CONVERSION = YES;
				CLANG_WARN_NON_LITERAL_NULL_CONVERSION = YES;
				CLANG_WARN_OBJC_IMPLICIT_RETAIN_SELF = YES;
				CLANG_WARN_OBJC_LITERAL_CONVERSION = YES;
				CLANG_WARN_OBJC_ROOT_CLASS = YES_ERROR;
				CLANG_WARN_QUOTED_INCLUDE_IN_FRAMEWORK_HEADER = YES;
				CLANG_WARN_RANGE_LOOP_ANALYSIS = YES;
				CLANG_WARN_STRICT_PROTOTYPES = YES;
				CLANG_WARN_SUSPICIOUS_MOVE = YES;
				CLANG_WARN_UNGUARDED_AVAILABILITY = YES_AGGRESSIVE;
				CLANG_WARN_UNREACHABLE_CODE = YES;
				CLANG_WARN__DUPLICATE_METHOD_MATCH = YES;
				COPY_PHASE_STRIP = NO;
				DEBUG_INFORMATION_FORMAT = dwarf;
				ENABLE_STRICT_OBJC_MSGSEND = YES;
				ENABLE_TESTABILITY = YES;
				GCC_C_LANGUAGE_STANDARD = gnu11;
				GCC_DYNAMIC_NO_PIC = NO;
				GCC_NO_COMMON_BLOCKS = YES;
				GCC_OPTIMIZATION_LEVEL = 0;
				GCC_PREPROCESSOR_DEFINITIONS = (
					"DEBUG=1",
					"$(inherited)",
				);
				GCC_WARN_64_TO_32_BIT_CONVERSION = YES;
				GCC_WARN_ABOUT_RETURN_TYPE = YES_ERROR;
				GCC_WARN_UNDECLARED_SELECTOR = YES;
				GCC_WARN_UNINITIALIZED_AUTOS = YES_AGGRESSIVE;
				GCC_WARN_UNUSED_FUNCTION = YES;
				GCC_WARN_UNUSED_VARIABLE = YES;
				IPHONEOS_DEPLOYMENT_TARGET = 13.0;
				MTL_ENABLE_DEBUG_INFO = INCLUDE_SOURCE;
				MTL_FAST_MATH = YES;
				ONLY_ACTIVE_ARCH = YES;
				SDKROOT = iphoneos;
				SWIFT_ACTIVE_COMPILATION_CONDITIONS = DEBUG;
				SWIFT_OPTIMIZATION_LEVEL = "-Onone";
			};
			name = Debug;
		};
		8FC71599268A66C9009E4A20 /* Release */ = {
			isa = XCBuildConfiguration;
			buildSettings = {
				ALWAYS_SEARCH_USER_PATHS = NO;
				CLANG_ANALYZER_NONNULL = YES;
				CLANG_ANALYZER_NUMBER_OBJECT_CONVERSION = YES_AGGRESSIVE;
				CLANG_CXX_LANGUAGE_STANDARD = "gnu++14";
				CLANG_CXX_LIBRARY = "libc++";
				CLANG_ENABLE_MODULES = YES;
				CLANG_ENABLE_OBJC_ARC = YES;
				CLANG_ENABLE_OBJC_WEAK = YES;
				CLANG_WARN_BLOCK_CAPTURE_AUTORELEASING = YES;
				CLANG_WARN_BOOL_CONVERSION = YES;
				CLANG_WARN_COMMA = YES;
				CLANG_WARN_CONSTANT_CONVERSION = YES;
				CLANG_WARN_DEPRECATED_OBJC_IMPLEMENTATIONS = YES;
				CLANG_WARN_DIRECT_OBJC_ISA_USAGE = YES_ERROR;
				CLANG_WARN_DOCUMENTATION_COMMENTS = YES;
				CLANG_WARN_EMPTY_BODY = YES;
				CLANG_WARN_ENUM_CONVERSION = YES;
				CLANG_WARN_INFINITE_RECURSION = YES;
				CLANG_WARN_INT_CONVERSION = YES;
				CLANG_WARN_NON_LITERAL_NULL_CONVERSION = YES;
				CLANG_WARN_OBJC_IMPLICIT_RETAIN_SELF = YES;
				CLANG_WARN_OBJC_LITERAL_CONVERSION = YES;
				CLANG_WARN_OBJC_ROOT_CLASS = YES_ERROR;
				CLANG_WARN_QUOTED_INCLUDE_IN_FRAMEWORK_HEADER = YES;
				CLANG_WARN_RANGE_LOOP_ANALYSIS = YES;
				CLANG_WARN_STRICT_PROTOTYPES = YES;
				CLANG_WARN_SUSPICIOUS_MOVE = YES;
				CLANG_WARN_UNGUARDED_AVAILABILITY = YES_AGGRESSIVE;
				CLANG_WARN_UNREACHABLE_CODE = YES;
				CLANG_WARN__DUPLICATE_METHOD_MATCH = YES;
				COPY_PHASE_STRIP = NO;
				DEBUG_INFORMATION_FORMAT = "dwarf-with-dsym";
				ENABLE_NS_ASSERTIONS = NO;
				ENABLE_STRICT_OBJC_MSGSEND = YES;
				GCC_C_LANGUAGE_STANDARD = gnu11;
				GCC_NO_COMMON_BLOCKS = YES;
				GCC_WARN_64_TO_32_BIT_CONVERSION = YES;
				GCC_WARN_ABOUT_RETURN_TYPE = YES_ERROR;
				GCC_WARN_UNDECLARED_SELECTOR = YES;
				GCC_WARN_UNINITIALIZED_AUTOS = YES_AGGRESSIVE;
				GCC_WARN_UNUSED_FUNCTION = YES;
				GCC_WARN_UNUSED_VARIABLE = YES;
				IPHONEOS_DEPLOYMENT_TARGET = 13.0;
				MTL_ENABLE_DEBUG_INFO = NO;
				MTL_FAST_MATH = YES;
				SDKROOT = iphoneos;
				SWIFT_COMPILATION_MODE = wholemodule;
				SWIFT_OPTIMIZATION_LEVEL = "-O";
				VALIDATE_PRODUCT = YES;
			};
			name = Release;
		};
		8FC7159B268A66C9009E4A20 /* Debug */ = {
			isa = XCBuildConfiguration;
			buildSettings = {
				ASSETCATALOG_COMPILER_APPICON_NAME = AppIcon;
				ASSETCATALOG_COMPILER_GLOBAL_ACCENT_COLOR_NAME = AccentColor;
				CODE_SIGN_STYLE = Automatic;
				DEVELOPMENT_TEAM = SSGBNU5TXB;
				INFOPLIST_FILE = "Spotify-API-Practice/Info.plist";
				LD_RUNPATH_SEARCH_PATHS = (
					"$(inherited)",
					"@executable_path/Frameworks",
				);
				PRODUCT_BUNDLE_IDENTIFIER = "kudpig.Spotify-API-Practice";
				PRODUCT_NAME = "$(TARGET_NAME)";
				SWIFT_VERSION = 5.0;
				TARGETED_DEVICE_FAMILY = "1,2";
			};
			name = Debug;
		};
		8FC7159C268A66C9009E4A20 /* Release */ = {
			isa = XCBuildConfiguration;
			buildSettings = {
				ASSETCATALOG_COMPILER_APPICON_NAME = AppIcon;
				ASSETCATALOG_COMPILER_GLOBAL_ACCENT_COLOR_NAME = AccentColor;
				CODE_SIGN_STYLE = Automatic;
				DEVELOPMENT_TEAM = SSGBNU5TXB;
				INFOPLIST_FILE = "Spotify-API-Practice/Info.plist";
				LD_RUNPATH_SEARCH_PATHS = (
					"$(inherited)",
					"@executable_path/Frameworks",
				);
				PRODUCT_BUNDLE_IDENTIFIER = "kudpig.Spotify-API-Practice";
				PRODUCT_NAME = "$(TARGET_NAME)";
				SWIFT_VERSION = 5.0;
				TARGETED_DEVICE_FAMILY = "1,2";
			};
			name = Release;
		};
/* End XCBuildConfiguration section */

/* Begin XCConfigurationList section */
		8FC71581268A66C8009E4A20 /* Build configuration list for PBXProject "Spotify-API-Practice" */ = {
			isa = XCConfigurationList;
			buildConfigurations = (
				8FC71598268A66C9009E4A20 /* Debug */,
				8FC71599268A66C9009E4A20 /* Release */,
			);
			defaultConfigurationIsVisible = 0;
			defaultConfigurationName = Release;
		};
		8FC7159A268A66C9009E4A20 /* Build configuration list for PBXNativeTarget "Spotify-API-Practice" */ = {
			isa = XCConfigurationList;
			buildConfigurations = (
				8FC7159B268A66C9009E4A20 /* Debug */,
				8FC7159C268A66C9009E4A20 /* Release */,
			);
			defaultConfigurationIsVisible = 0;
			defaultConfigurationName = Release;
		};
/* End XCConfigurationList section */

/* Begin XCRemoteSwiftPackageReference section */
		8FC715A6268A6BDE009E4A20 /* XCRemoteSwiftPackageReference "Alamofire" */ = {
			isa = XCRemoteSwiftPackageReference;
			repositoryURL = "https://github.com/Alamofire/Alamofire";
			requirement = {
				kind = upToNextMajorVersion;
				minimumVersion = 5.4.3;
			};
		};
		8FC715B6268D965C009E4A20 /* XCRemoteSwiftPackageReference "AlamofireImage" */ = {
			isa = XCRemoteSwiftPackageReference;
			repositoryURL = "https://github.com/Alamofire/AlamofireImage.git";
			requirement = {
				kind = upToNextMajorVersion;
				minimumVersion = 4.2.0;
			};
		};
/* End XCRemoteSwiftPackageReference section */

/* Begin XCSwiftPackageProductDependency section */
		8FC715A7268A6BDE009E4A20 /* Alamofire */ = {
			isa = XCSwiftPackageProductDependency;
			package = 8FC715A6268A6BDE009E4A20 /* XCRemoteSwiftPackageReference "Alamofire" */;
			productName = Alamofire;
		};
		8FC715B7268D965C009E4A20 /* AlamofireImage */ = {
			isa = XCSwiftPackageProductDependency;
			package = 8FC715B6268D965C009E4A20 /* XCRemoteSwiftPackageReference "AlamofireImage" */;
			productName = AlamofireImage;
		};
/* End XCSwiftPackageProductDependency section */
	};
	rootObject = 8FC7157E268A66C8009E4A20 /* Project object */;
}
